
Microsoft Visual Studio Solution File, Format Version 12.00
# Visual Studio Version 17
VisualStudioVersion = 17.7.34031.279
MinimumVisualStudioVersion = 10.0.40219.1
Project("{888888A0-9F3D-457C-B088-3A5042F75D52}") = "Emotion Filtering Tool", "Emotion Filtering Tool\Emotion Filtering Tool.pyproj", "{00B8D211-04D9-473F-9FF0-EC222D972CE0}"
EndProject
Global
	GlobalSection(SolutionConfigurationPlatforms) = preSolution
		Debug|Any CPU = Debug|Any CPU
		Release|Any CPU = Release|Any CPU
	EndGlobalSection
	GlobalSection(ProjectConfigurationPlatforms) = postSolution
		{00B8D211-04D9-473F-9FF0-EC222D972CE0}.Debug|Any CPU.ActiveCfg = Debug|Any CPU
		{00B8D211-04D9-473F-9FF0-EC222D972CE0}.Release|Any CPU.ActiveCfg = Release|Any CPU
	EndGlobalSection
	GlobalSection(SolutionProperties) = preSolution
		HideSolutionNode = FALSE
	EndGlobalSection
	GlobalSection(ExtensibilityGlobals) = postSolution
		SolutionGuid = {888C75A0-1473-4B96-837F-156A9BD5DB22}
	EndGlobalSection
EndGlobal
